Microsoft Visual Studio Solution File, Format Version 12.00
# Visual Studio Version 17
VisualStudioVersion = 17.5.2.0
MinimumVisualStudioVersion = 10.0.40219.1
Project("{FAE04EC0-301F-11D3-BF4B-00C04F79EFBC}") = "Soochiverse", "Soochiverse.csproj", "{0352E19E-0B77-0B4E-48A7-FDF6214C1225}"
EndProject
Global
	GlobalSection(SolutionConfigurationPlatforms) = preSolution
		Debug|Any CPU = Debug|Any CPU
		Release|Any CPU = Release|Any CPU
	EndGlobalSection
	GlobalSection(ProjectConfigurationPlatforms) = postSolution
		{0352E19E-0B77-0B4E-48A7-FDF6214C1225}.Debug|Any CPU.ActiveCfg = Debug|Any CPU
		{0352E19E-0B77-0B4E-48A7-FDF6214C1225}.Debug|Any CPU.Build.0 = Debug|Any CPU
		{0352E19E-0B77-0B4E-48A7-FDF6214C1225}.Release|Any CPU.ActiveCfg = Release|Any CPU
		{0352E19E-0B77-0B4E-48A7-FDF6214C1225}.Release|Any CPU.Build.0 = Release|Any CPU
	EndGlobalSection
	GlobalSection(SolutionProperties) = preSolution
		HideSolutionNode = FALSE
	EndGlobalSection
	GlobalSection(ExtensibilityGlobals) = postSolution
		SolutionGuid = {6A3257A7-DCFD-4B20-9336-F85642F8389E}
	EndGlobalSection
EndGlobal
